<?xml version="1.0" encoding="utf-8"?>
<Project ToolsVersion="4.0" xmlns="http://schemas.microsoft.com/developer/msbuild/2003">
  <ItemGroup>
    <Filter Include="ソース ファイル">
      <UniqueIdentifier>{8a9c4584-4ebf-47ad-9708-9339c2a0becd}</UniqueIdentifier>
      <Extensions>cpp;c;cxx;def;odl;idl;hpj;bat;asm</Extensions>
    </Filter>
    <Filter Include="ヘッダー ファイル">
      <UniqueIdentifier>{64f3eebf-753c-4436-8fd9-752ac4ccfd74}</UniqueIdentifier>
      <Extensions>h;hpp;hxx;hm;inl;inc</Extensions>
    </Filter>
    <Filter Include="リソース ファイル">
      <UniqueIdentifier>{66ebed3d-3147-4fa8-8fe7-ed9833e9f78c}</UniqueIdentifier>
      <Extensions>rc;ico;cur;bmp;dlg;rc2;rct;bin;rgs;gif;jpg;jpeg;jpe</Extensions>
    </Filter>
  </ItemGroup>
  <ItemGroup>
    <ClCompile Include="lib\analysis.c">
      <Filter>ソース ファイル</Filter>
    </ClCompile>
    <ClCompile Include="lib\bitrate.c">
      <Filter>ソース ファイル</Filter>
    </ClCompile>
    <ClCompile Include="lib\block.c">
      <Filter>ソース ファイル</Filter>
    </ClCompile>
    <ClCompile Include="lib\codebook.c">
      <Filter>ソース ファイル</Filter>
    </ClCompile>
    <ClCompile Include="lib\envelope.c">
      <Filter>ソース ファイル</Filter>
    </ClCompile>
    <ClCompile Include="lib\floor0.c">
      <Filter>ソース ファイル</Filter>
    </ClCompile>
    <ClCompile Include="lib\floor1.c">
      <Filter>ソース ファイル</Filter>
    </ClCompile>
    <ClCompile Include="lib\info.c">
      <Filter>ソース ファイル</Filter>
    </ClCompile>
    <ClCompile Include="lib\lookup.c">
      <Filter>ソース ファイル</Filter>
    </ClCompile>
    <ClCompile Include="lib\lpc.c">
      <Filter>ソース ファイル</Filter>
    </ClCompile>
    <ClCompile Include="lib\lsp.c">
      <Filter>ソース ファイル</Filter>
    </ClCompile>
    <ClCompile Include="lib\mapping0.c">
      <Filter>ソース ファイル</Filter>
    </ClCompile>
    <ClCompile Include="lib\mdct.c">
      <Filter>ソース ファイル</Filter>
    </ClCompile>
    <ClCompile Include="lib\psy.c">
      <Filter>ソース ファイル</Filter>
    </ClCompile>
    <ClCompile Include="lib\registry.c">
      <Filter>ソース ファイル</Filter>
    </ClCompile>
    <ClCompile Include="lib\res0.c">
      <Filter>ソース ファイル</Filter>
    </ClCompile>
    <ClCompile Include="lib\sharedbook.c">
      <Filter>ソース ファイル</Filter>
    </ClCompile>
    <ClCompile Include="lib\smallft.c">
      <Filter>ソース ファイル</Filter>
    </ClCompile>
    <ClCompile Include="lib\synthesis.c">
      <Filter>ソース ファイル</Filter>
    </ClCompile>
    <ClCompile Include="lib\time0.c">
      <Filter>ソース ファイル</Filter>
    </ClCompile>
    <ClCompile Include="lib\window.c">
      <Filter>ソース ファイル</Filter>
    </ClCompile>
    <ClCompile Include="lib\vorbisenc.c">
      <Filter>ソース ファイル</Filter>
    </ClCompile>
    <ClCompile Include="lib\vorbisfile.c">
      <Filter>ソース ファイル</Filter>
    </ClCompile>
  </ItemGroup>
  <ItemGroup>
    <ClInclude Include="lib\backends.h">
      <Filter>ヘッダー ファイル</Filter>
    </ClInclude>
    <ClInclude Include="lib\bitrate.h">
      <Filter>ヘッダー ファイル</Filter>
    </ClInclude>
    <ClInclude Include="lib\codebook.h">
      <Filter>ヘッダー ファイル</Filter>
    </ClInclude>
    <ClInclude Include="lib\codec_internal.h">
      <Filter>ヘッダー ファイル</Filter>
    </ClInclude>
    <ClInclude Include="lib\envelope.h">
      <Filter>ヘッダー ファイル</Filter>
    </ClInclude>
    <ClInclude Include="lib\iir.h">
      <Filter>ヘッダー ファイル</Filter>
    </ClInclude>
    <ClInclude Include="lib\lookup.h">
      <Filter>ヘッダー ファイル</Filter>
    </ClInclude>
    <ClInclude Include="lib\lookup_data.h">
      <Filter>ヘッダー ファイル</Filter>
    </ClInclude>
    <ClInclude Include="lib\lpc.h">
      <Filter>ヘッダー ファイル</Filter>
    </ClInclude>
    <ClInclude Include="lib\lsp.h">
      <Filter>ヘッダー ファイル</Filter>
    </ClInclude>
    <ClInclude Include="lib\masking.h">
      <Filter>ヘッダー ファイル</Filter>
    </ClInclude>
    <ClInclude Include="lib\mdct.h">
      <Filter>ヘッダー ファイル</Filter>
    </ClInclude>
    <ClInclude Include="lib\misc.h">
      <Filter>ヘッダー ファイル</Filter>
    </ClInclude>
    <ClInclude Include="lib\os.h">
      <Filter>ヘッダー ファイル</Filter>
    </ClInclude>
    <ClInclude Include="lib\psy.h">
      <Filter>ヘッダー ファイル</Filter>
    </ClInclude>
    <ClInclude Include="lib\registry.h">
      <Filter>ヘッダー ファイル</Filter>
    </ClInclude>
    <ClInclude Include="lib\scales.h">
      <Filter>ヘッダー ファイル</Filter>
    </ClInclude>
    <ClInclude Include="lib\smallft.h">
      <Filter>ヘッダー ファイル</Filter>
    </ClInclude>
    <ClInclude Include="lib\window.h">
      <Filter>ヘッダー ファイル</Filter>
    </ClInclude>
    <ClInclude Include="lib\registry-api.h">
      <Filter>ヘッダー ファイル</Filter>
    </ClInclude>
  </ItemGroup>
</Project>